
Microsoft Visual Studio Solution File, Format Version 12.00
Project("{FAE04EC0-301F-11D3-BF4B-00C04F79EFBC}") = "Mission08_Team0108", "Mission08_Team0108\Mission08_Team0108.csproj", "{77963D9D-C063-4A26-B3B2-8089397D02D8}"
EndProject
Global
	GlobalSection(SolutionConfigurationPlatforms) = preSolution
		Debug|Any CPU = Debug|Any CPU
		Release|Any CPU = Release|Any CPU
	EndGlobalSection
	GlobalSection(ProjectConfigurationPlatforms) = postSolution
		{77963D9D-C063-4A26-B3B2-8089397D02D8}.Debug|Any CPU.ActiveCfg = Debug|Any CPU
		{77963D9D-C063-4A26-B3B2-8089397D02D8}.Debug|Any CPU.Build.0 = Debug|Any CPU
		{77963D9D-C063-4A26-B3B2-8089397D02D8}.Release|Any CPU.ActiveCfg = Release|Any CPU
		{77963D9D-C063-4A26-B3B2-8089397D02D8}.Release|Any CPU.Build.0 = Release|Any CPU
	EndGlobalSection
EndGlobal
